
Microsoft Visual Studio Solution File, Format Version 12.00
# Visual Studio Version 17
VisualStudioVersion = 17.9.34723.18
MinimumVisualStudioVersion = 10.0.40219.1
Project("{2150E333-8FDC-42A3-9474-1A3956D46DE8}") = "1.EnterpriseBusinessRules", "1.EnterpriseBusinessRules", "{2FAF5451-9EBB-4E60-96B9-7D0DD0F8B6AA}"
EndProject
Project("{2150E333-8FDC-42A3-9474-1A3956D46DE8}") = "2.ApplicationBusinessRules", "2.ApplicationBusinessRules", "{1F01A60D-7007-48AD-B007-A73D707B9DBA}"
EndProject
Project("{2150E333-8FDC-42A3-9474-1A3956D46DE8}") = "3.InterfaceAdapters", "3.InterfaceAdapters", "{3D860558-20A3-41DA-817F-99B74F968912}"
EndProject
Project("{2150E333-8FDC-42A3-9474-1A3956D46DE8}") = "4.Frameworks&Drivers", "4.Frameworks&Drivers", "{2A8AB401-3CEC-4628-8E67-8EFC19E8F6EF}"
EndProject
Project("{9A19103F-16F7-4668-BE54-9A1E7A4F7556}") = "SalesControl.Entities", "SalesControl.Entities\SalesControl.Entities.csproj", "{96FB8603-39D7-485C-82D2-9764CD114D3D}"
EndProject
Project("{9A19103F-16F7-4668-BE54-9A1E7A4F7556}") = "SalesControl.CreateClientRegistry.BusinessObject", "SalesControl.CreateClientRegistry.BusinessObject\SalesControl.CreateClientRegistry.BusinessObject.csproj", "{C4BF84BC-4C8C-43C5-A728-717F1C2AFC96}"
EndProject
Project("{9A19103F-16F7-4668-BE54-9A1E7A4F7556}") = "SalesControl.CreateClientRegistry.UsesCases", "SalesControl.CreateClientRegistry.UsesCases\SalesControl.CreateClientRegistry.UsesCases.csproj", "{62A35DD7-26B5-4209-AB8E-972A7DD528B9}"
EndProject
Project("{9A19103F-16F7-4668-BE54-9A1E7A4F7556}") = "SalesControl.CreateClientRegistry", "SalesControl.CreateClientRegistry\SalesControl.CreateClientRegistry.csproj", "{5A55A185-4315-42CA-938B-0CE710F502D1}"
EndProject
Project("{2150E333-8FDC-42A3-9474-1A3956D46DE8}") = "ClientRegistryViewsModels", "ClientRegistryViewsModels", "{905D269F-9D8B-4196-801A-E24C251F7B6F}"
EndProject
Project("{2150E333-8FDC-42A3-9474-1A3956D46DE8}") = "DataContext", "DataContext", "{DC1BBA2E-96C1-4E9B-9032-FB329CD6300E}"
EndProject
Project("{9A19103F-16F7-4668-BE54-9A1E7A4F7556}") = "SalesControl.DataContext.EntityFrameworkCore", "SalesControl.DataContext.EntityFrameworkCore\SalesControl.DataContext.EntityFrameworkCore.csproj", "{57833B70-E80C-4760-93C2-4954816ADC74}"
EndProject
Project("{9A19103F-16F7-4668-BE54-9A1E7A4F7556}") = "SalesControl.ViewModel", "SalesControl.ViewModel\SalesControl.ViewModel.csproj", "{34064132-A5CE-4535-9A34-92092892356D}"
EndProject
Project("{9A19103F-16F7-4668-BE54-9A1E7A4F7556}") = "SalesControl.View", "SalesControl.View\SalesControl.View.csproj", "{25F4872F-8C02-4ED1-80F2-2CD694ED561E}"
EndProject
Project("{9A19103F-16F7-4668-BE54-9A1E7A4F7556}") = "SalesControl.WindowsForms", "SalesControl.WindowsForms\SalesControl.WindowsForms.csproj", "{8C0CB2E2-85E1-4915-85D4-C2A904B002BE}"
EndProject
Project("{2150E333-8FDC-42A3-9474-1A3956D46DE8}") = "IU", "IU", "{3C4E81D9-A075-4B7D-8CBB-14A982600714}"
EndProject
Project("{9A19103F-16F7-4668-BE54-9A1E7A4F7556}") = "SalesControl.Backend.IoC", "SalesControl.Backend.IoC\SalesControl.Backend.IoC.csproj", "{C4C57ABD-2B7A-4D71-8AAF-F6B3E6004D7F}"
EndProject
Global
	GlobalSection(SolutionConfigurationPlatforms) = preSolution
		Debug|Any CPU = Debug|Any CPU
		Debug|ARM = Debug|ARM
		Debug|ARM64 = Debug|ARM64
		Debug|x64 = Debug|x64
		Debug|x86 = Debug|x86
		Release|Any CPU = Release|Any CPU
		Release|ARM = Release|ARM
		Release|ARM64 = Release|ARM64
		Release|x64 = Release|x64
		Release|x86 = Release|x86
	EndGlobalSection
	GlobalSection(ProjectConfigurationPlatforms) = postSolution
		{96FB8603-39D7-485C-82D2-9764CD114D3D}.Debug|Any CPU.ActiveCfg = Debug|Any CPU
		{96FB8603-39D7-485C-82D2-9764CD114D3D}.Debug|Any CPU.Build.0 = Debug|Any CPU
		{96FB8603-39D7-485C-82D2-9764CD114D3D}.Debug|ARM.ActiveCfg = Debug|Any CPU
		{96FB8603-39D7-485C-82D2-9764CD114D3D}.Debug|ARM.Build.0 = Debug|Any CPU
		{96FB8603-39D7-485C-82D2-9764CD114D3D}.Debug|ARM64.ActiveCfg = Debug|Any CPU
		{96FB8603-39D7-485C-82D2-9764CD114D3D}.Debug|ARM64.Build.0 = Debug|Any CPU
		{96FB8603-39D7-485C-82D2-9764CD114D3D}.Debug|x64.ActiveCfg = Debug|Any CPU
		{96FB8603-39D7-485C-82D2-9764CD114D3D}.Debug|x64.Build.0 = Debug|Any CPU
		{96FB8603-39D7-485C-82D2-9764CD114D3D}.Debug|x86.ActiveCfg = Debug|Any CPU
		{96FB8603-39D7-485C-82D2-9764CD114D3D}.Debug|x86.Build.0 = Debug|Any CPU
		{96FB8603-39D7-485C-82D2-9764CD114D3D}.Release|Any CPU.ActiveCfg = Release|Any CPU
		{96FB8603-39D7-485C-82D2-9764CD114D3D}.Release|Any CPU.Build.0 = Release|Any CPU
		{96FB8603-39D7-485C-82D2-9764CD114D3D}.Release|ARM.ActiveCfg = Release|Any CPU
		{96FB8603-39D7-485C-82D2-9764CD114D3D}.Release|ARM.Build.0 = Release|Any CPU
		{96FB8603-39D7-485C-82D2-9764CD114D3D}.Release|ARM64.ActiveCfg = Release|Any CPU
		{96FB8603-39D7-485C-82D2-9764CD114D3D}.Release|ARM64.Build.0 = Release|Any CPU
		{96FB8603-39D7-485C-82D2-9764CD114D3D}.Release|x64.ActiveCfg = Release|Any CPU
		{96FB8603-39D7-485C-82D2-9764CD114D3D}.Release|x64.Build.0 = Release|Any CPU
		{96FB8603-39D7-485C-82D2-9764CD114D3D}.Release|x86.ActiveCfg = Release|Any CPU
		{96FB8603-39D7-485C-82D2-9764CD114D3D}.Release|x86.Build.0 = Release|Any CPU
		{C4BF84BC-4C8C-43C5-A728-717F1C2AFC96}.Debug|Any CPU.ActiveCfg = Debug|Any CPU
		{C4BF84BC-4C8C-43C5-A728-717F1C2AFC96}.Debug|Any CPU.Build.0 = Debug|Any CPU
		{C4BF84BC-4C8C-43C5-A728-717F1C2AFC96}.Debug|ARM.ActiveCfg = Debug|Any CPU
		{C4BF84BC-4C8C-43C5-A728-717F1C2AFC96}.Debug|ARM.Build.0 = Debug|Any CPU
		{C4BF84BC-4C8C-43C5-A728-717F1C2AFC96}.Debug|ARM64.ActiveCfg = Debug|Any CPU
		{C4BF84BC-4C8C-43C5-A728-717F1C2AFC96}.Debug|ARM64.Build.0 = Debug|Any CPU
		{C4BF84BC-4C8C-43C5-A728-717F1C2AFC96}.Debug|x64.ActiveCfg = Debug|Any CPU
		{C4BF84BC-4C8C-43C5-A728-717F1C2AFC96}.Debug|x64.Build.0 = Debug|Any CPU
		{C4BF84BC-4C8C-43C5-A728-717F1C2AFC96}.Debug|x86.ActiveCfg = Debug|Any CPU
		{C4BF84BC-4C8C-43C5-A728-717F1C2AFC96}.Debug|x86.Build.0 = Debug|Any CPU
		{C4BF84BC-4C8C-43C5-A728-717F1C2AFC96}.Release|Any CPU.ActiveCfg = Release|Any CPU
		{C4BF84BC-4C8C-43C5-A728-717F1C2AFC96}.Release|Any CPU.Build.0 = Release|Any CPU
		{C4BF84BC-4C8C-43C5-A728-717F1C2AFC96}.Release|ARM.ActiveCfg = Release|Any CPU
		{C4BF84BC-4C8C-43C5-A728-717F1C2AFC96}.Release|ARM.Build.0 = Release|Any CPU
		{C4BF84BC-4C8C-43C5-A728-717F1C2AFC96}.Release|ARM64.ActiveCfg = Release|Any CPU
		{C4BF84BC-4C8C-43C5-A728-717F1C2AFC96}.Release|ARM64.Build.0 = Release|Any CPU
		{C4BF84BC-4C8C-43C5-A728-717F1C2AFC96}.Release|x64.ActiveCfg = Release|Any CPU
		{C4BF84BC-4C8C-43C5-A728-717F1C2AFC96}.Release|x64.Build.0 = Release|Any CPU
		{C4BF84BC-4C8C-43C5-A728-717F1C2AFC96}.Release|x86.ActiveCfg = Release|Any CPU
		{C4BF84BC-4C8C-43C5-A728-717F1C2AFC96}.Release|x86.Build.0 = Release|Any CPU
		{62A35DD7-26B5-4209-AB8E-972A7DD528B9}.Debug|Any CPU.ActiveCfg = Debug|Any CPU
		{62A35DD7-26B5-4209-AB8E-972A7DD528B9}.Debug|Any CPU.Build.0 = Debug|Any CPU
		{62A35DD7-26B5-4209-AB8E-972A7DD528B9}.Debug|ARM.ActiveCfg = Debug|Any CPU
		{62A35DD7-26B5-4209-AB8E-972A7DD528B9}.Debug|ARM.Build.0 = Debug|Any CPU
		{62A35DD7-26B5-4209-AB8E-972A7DD528B9}.Debug|ARM64.ActiveCfg = Debug|Any CPU
		{62A35DD7-26B5-4209-AB8E-972A7DD528B9}.Debug|ARM64.Build.0 = Debug|Any CPU
		{62A35DD7-26B5-4209-AB8E-972A7DD528B9}.Debug|x64.ActiveCfg = Debug|Any CPU
		{62A35DD7-26B5-4209-AB8E-972A7DD528B9}.Debug|x64.Build.0 = Debug|Any CPU
		{62A35DD7-26B5-4209-AB8E-972A7DD528B9}.Debug|x86.ActiveCfg = Debug|Any CPU
		{62A35DD7-26B5-4209-AB8E-972A7DD528B9}.Debug|x86.Build.0 = Debug|Any CPU
		{62A35DD7-26B5-4209-AB8E-972A7DD528B9}.Release|Any CPU.ActiveCfg = Release|Any CPU
		{62A35DD7-26B5-4209-AB8E-972A7DD528B9}.Release|Any CPU.Build.0 = Release|Any CPU
		{62A35DD7-26B5-4209-AB8E-972A7DD528B9}.Release|ARM.ActiveCfg = Release|Any CPU
		{62A35DD7-26B5-4209-AB8E-972A7DD528B9}.Release|ARM.Build.0 = Release|Any CPU
		{62A35DD7-26B5-4209-AB8E-972A7DD528B9}.Release|ARM64.ActiveCfg = Release|Any CPU
		{62A35DD7-26B5-4209-AB8E-972A7DD528B9}.Release|ARM64.Build.0 = Release|Any CPU
		{62A35DD7-26B5-4209-AB8E-972A7DD528B9}.Release|x64.ActiveCfg = Release|Any CPU
		{62A35DD7-26B5-4209-AB8E-972A7DD528B9}.Release|x64.Build.0 = Release|Any CPU
		{62A35DD7-26B5-4209-AB8E-972A7DD528B9}.Release|x86.ActiveCfg = Release|Any CPU
		{62A35DD7-26B5-4209-AB8E-972A7DD528B9}.Release|x86.Build.0 = Release|Any CPU
		{5A55A185-4315-42CA-938B-0CE710F502D1}.Debug|Any CPU.ActiveCfg = Debug|Any CPU
		{5A55A185-4315-42CA-938B-0CE710F502D1}.Debug|Any CPU.Build.0 = Debug|Any CPU
		{5A55A185-4315-42CA-938B-0CE710F502D1}.Debug|ARM.ActiveCfg = Debug|Any CPU
		{5A55A185-4315-42CA-938B-0CE710F502D1}.Debug|ARM.Build.0 = Debug|Any CPU
		{5A55A185-4315-42CA-938B-0CE710F502D1}.Debug|ARM64.ActiveCfg = Debug|Any CPU
		{5A55A185-4315-42CA-938B-0CE710F502D1}.Debug|ARM64.Build.0 = Debug|Any CPU
		{5A55A185-4315-42CA-938B-0CE710F502D1}.Debug|x64.ActiveCfg = Debug|Any CPU
		{5A55A185-4315-42CA-938B-0CE710F502D1}.Debug|x64.Build.0 = Debug|Any CPU
		{5A55A185-4315-42CA-938B-0CE710F502D1}.Debug|x86.ActiveCfg = Debug|Any CPU
		{5A55A185-4315-42CA-938B-0CE710F502D1}.Debug|x86.Build.0 = Debug|Any CPU
		{5A55A185-4315-42CA-938B-0CE710F502D1}.Release|Any CPU.ActiveCfg = Release|Any CPU
		{5A55A185-4315-42CA-938B-0CE710F502D1}.Release|Any CPU.Build.0 = Release|Any CPU
		{5A55A185-4315-42CA-938B-0CE710F502D1}.Release|ARM.ActiveCfg = Release|Any CPU
		{5A55A185-4315-42CA-938B-0CE710F502D1}.Release|ARM.Build.0 = Release|Any CPU
		{5A55A185-4315-42CA-938B-0CE710F502D1}.Release|ARM64.ActiveCfg = Release|Any CPU
		{5A55A185-4315-42CA-938B-0CE710F502D1}.Release|ARM64.Build.0 = Release|Any CPU
		{5A55A185-4315-42CA-938B-0CE710F502D1}.Release|x64.ActiveCfg = Release|Any CPU
		{5A55A185-4315-42CA-938B-0CE710F502D1}.Release|x64.Build.0 = Release|Any CPU
		{5A55A185-4315-42CA-938B-0CE710F502D1}.Release|x86.ActiveCfg = Release|Any CPU
		{5A55A185-4315-42CA-938B-0CE710F502D1}.Release|x86.Build.0 = Release|Any CPU
		{57833B70-E80C-4760-93C2-4954816ADC74}.Debug|Any CPU.ActiveCfg = Debug|Any CPU
		{57833B70-E80C-4760-93C2-4954816ADC74}.Debug|Any CPU.Build.0 = Debug|Any CPU
		{57833B70-E80C-4760-93C2-4954816ADC74}.Debug|ARM.ActiveCfg = Debug|Any CPU
		{57833B70-E80C-4760-93C2-4954816ADC74}.Debug|ARM.Build.0 = Debug|Any CPU
		{57833B70-E80C-4760-93C2-4954816ADC74}.Debug|ARM64.ActiveCfg = Debug|Any CPU
		{57833B70-E80C-4760-93C2-4954816ADC74}.Debug|ARM64.Build.0 = Debug|Any CPU
		{57833B70-E80C-4760-93C2-4954816ADC74}.Debug|x64.ActiveCfg = Debug|Any CPU
		{57833B70-E80C-4760-93C2-4954816ADC74}.Debug|x64.Build.0 = Debug|Any CPU
		{57833B70-E80C-4760-93C2-4954816ADC74}.Debug|x86.ActiveCfg = Debug|Any CPU
		{57833B70-E80C-4760-93C2-4954816ADC74}.Debug|x86.Build.0 = Debug|Any CPU
		{57833B70-E80C-4760-93C2-4954816ADC74}.Release|Any CPU.ActiveCfg = Release|Any CPU
		{57833B70-E80C-4760-93C2-4954816ADC74}.Release|Any CPU.Build.0 = Release|Any CPU
		{57833B70-E80C-4760-93C2-4954816ADC74}.Release|ARM.ActiveCfg = Release|Any CPU
		{57833B70-E80C-4760-93C2-4954816ADC74}.Release|ARM.Build.0 = Release|Any CPU
		{57833B70-E80C-4760-93C2-4954816ADC74}.Release|ARM64.ActiveCfg = Release|Any CPU
		{57833B70-E80C-4760-93C2-4954816ADC74}.Release|ARM64.Build.0 = Release|Any CPU
		{57833B70-E80C-4760-93C2-4954816ADC74}.Release|x64.ActiveCfg = Release|Any CPU
		{57833B70-E80C-4760-93C2-4954816ADC74}.Release|x64.Build.0 = Release|Any CPU
		{57833B70-E80C-4760-93C2-4954816ADC74}.Release|x86.ActiveCfg = Release|Any CPU
		{57833B70-E80C-4760-93C2-4954816ADC74}.Release|x86.Build.0 = Release|Any CPU
		{34064132-A5CE-4535-9A34-92092892356D}.Debug|Any CPU.ActiveCfg = Debug|Any CPU
		{34064132-A5CE-4535-9A34-92092892356D}.Debug|Any CPU.Build.0 = Debug|Any CPU
		{34064132-A5CE-4535-9A34-92092892356D}.Debug|ARM.ActiveCfg = Debug|Any CPU
		{34064132-A5CE-4535-9A34-92092892356D}.Debug|ARM.Build.0 = Debug|Any CPU
		{34064132-A5CE-4535-9A34-92092892356D}.Debug|ARM64.ActiveCfg = Debug|Any CPU
		{34064132-A5CE-4535-9A34-92092892356D}.Debug|ARM64.Build.0 = Debug|Any CPU
		{34064132-A5CE-4535-9A34-92092892356D}.Debug|x64.ActiveCfg = Debug|Any CPU
		{34064132-A5CE-4535-9A34-92092892356D}.Debug|x64.Build.0 = Debug|Any CPU
		{34064132-A5CE-4535-9A34-92092892356D}.Debug|x86.ActiveCfg = Debug|Any CPU
		{34064132-A5CE-4535-9A34-92092892356D}.Debug|x86.Build.0 = Debug|Any CPU
		{34064132-A5CE-4535-9A34-92092892356D}.Release|Any CPU.ActiveCfg = Release|Any CPU
		{34064132-A5CE-4535-9A34-92092892356D}.Release|Any CPU.Build.0 = Release|Any CPU
		{34064132-A5CE-4535-9A34-92092892356D}.Release|ARM.ActiveCfg = Release|Any CPU
		{34064132-A5CE-4535-9A34-92092892356D}.Release|ARM.Build.0 = Release|Any CPU
		{34064132-A5CE-4535-9A34-92092892356D}.Release|ARM64.ActiveCfg = Release|Any CPU
		{34064132-A5CE-4535-9A34-92092892356D}.Release|ARM64.Build.0 = Release|Any CPU
		{34064132-A5CE-4535-9A34-92092892356D}.Release|x64.ActiveCfg = Release|Any CPU
		{34064132-A5CE-4535-9A34-92092892356D}.Release|x64.Build.0 = Release|Any CPU
		{34064132-A5CE-4535-9A34-92092892356D}.Release|x86.ActiveCfg = Release|Any CPU
		{34064132-A5CE-4535-9A34-92092892356D}.Release|x86.Build.0 = Release|Any CPU
		{25F4872F-8C02-4ED1-80F2-2CD694ED561E}.Debug|Any CPU.ActiveCfg = Debug|Any CPU
		{25F4872F-8C02-4ED1-80F2-2CD694ED561E}.Debug|Any CPU.Build.0 = Debug|Any CPU
		{25F4872F-8C02-4ED1-80F2-2CD694ED561E}.Debug|ARM.ActiveCfg = Debug|Any CPU
		{25F4872F-8C02-4ED1-80F2-2CD694ED561E}.Debug|ARM.Build.0 = Debug|Any CPU
		{25F4872F-8C02-4ED1-80F2-2CD694ED561E}.Debug|ARM64.ActiveCfg = Debug|Any CPU
		{25F4872F-8C02-4ED1-80F2-2CD694ED561E}.Debug|ARM64.Build.0 = Debug|Any CPU
		{25F4872F-8C02-4ED1-80F2-2CD694ED561E}.Debug|x64.ActiveCfg = Debug|Any CPU
		{25F4872F-8C02-4ED1-80F2-2CD694ED561E}.Debug|x64.Build.0 = Debug|Any CPU
		{25F4872F-8C02-4ED1-80F2-2CD694ED561E}.Debug|x86.ActiveCfg = Debug|Any CPU
		{25F4872F-8C02-4ED1-80F2-2CD694ED561E}.Debug|x86.Build.0 = Debug|Any CPU
		{25F4872F-8C02-4ED1-80F2-2CD694ED561E}.Release|Any CPU.ActiveCfg = Release|Any CPU
		{25F4872F-8C02-4ED1-80F2-2CD694ED561E}.Release|Any CPU.Build.0 = Release|Any CPU
		{25F4872F-8C02-4ED1-80F2-2CD694ED561E}.Release|ARM.ActiveCfg = Release|Any CPU
		{25F4872F-8C02-4ED1-80F2-2CD694ED561E}.Release|ARM.Build.0 = Release|Any CPU
		{25F4872F-8C02-4ED1-80F2-2CD694ED561E}.Release|ARM64.ActiveCfg = Release|Any CPU
		{25F4872F-8C02-4ED1-80F2-2CD694ED561E}.Release|ARM64.Build.0 = Release|Any CPU
		{25F4872F-8C02-4ED1-80F2-2CD694ED561E}.Release|x64.ActiveCfg = Release|Any CPU
		{25F4872F-8C02-4ED1-80F2-2CD694ED561E}.Release|x64.Build.0 = Release|Any CPU
		{25F4872F-8C02-4ED1-80F2-2CD694ED561E}.Release|x86.ActiveCfg = Release|Any CPU
		{25F4872F-8C02-4ED1-80F2-2CD694ED561E}.Release|x86.Build.0 = Release|Any CPU
		{8C0CB2E2-85E1-4915-85D4-C2A904B002BE}.Debug|Any CPU.ActiveCfg = Debug|Any CPU
		{8C0CB2E2-85E1-4915-85D4-C2A904B002BE}.Debug|Any CPU.Build.0 = Debug|Any CPU
		{8C0CB2E2-85E1-4915-85D4-C2A904B002BE}.Debug|ARM.ActiveCfg = Debug|Any CPU
		{8C0CB2E2-85E1-4915-85D4-C2A904B002BE}.Debug|ARM.Build.0 = Debug|Any CPU
		{8C0CB2E2-85E1-4915-85D4-C2A904B002BE}.Debug|ARM64.ActiveCfg = Debug|Any CPU
		{8C0CB2E2-85E1-4915-85D4-C2A904B002BE}.Debug|ARM64.Build.0 = Debug|Any CPU
		{8C0CB2E2-85E1-4915-85D4-C2A904B002BE}.Debug|x64.ActiveCfg = Debug|Any CPU
		{8C0CB2E2-85E1-4915-85D4-C2A904B002BE}.Debug|x64.Build.0 = Debug|Any CPU
		{8C0CB2E2-85E1-4915-85D4-C2A904B002BE}.Debug|x86.ActiveCfg = Debug|Any CPU
		{8C0CB2E2-85E1-4915-85D4-C2A904B002BE}.Debug|x86.Build.0 = Debug|Any CPU
		{8C0CB2E2-85E1-4915-85D4-C2A904B002BE}.Release|Any CPU.ActiveCfg = Release|Any CPU
		{8C0CB2E2-85E1-4915-85D4-C2A904B002BE}.Release|Any CPU.Build.0 = Release|Any CPU
		{8C0CB2E2-85E1-4915-85D4-C2A904B002BE}.Release|ARM.ActiveCfg = Release|Any CPU
		{8C0CB2E2-85E1-4915-85D4-C2A904B002BE}.Release|ARM.Build.0 = Release|Any CPU
		{8C0CB2E2-85E1-4915-85D4-C2A904B002BE}.Release|ARM64.ActiveCfg = Release|Any CPU
		{8C0CB2E2-85E1-4915-85D4-C2A904B002BE}.Release|ARM64.Build.0 = Release|Any CPU
		{8C0CB2E2-85E1-4915-85D4-C2A904B002BE}.Release|x64.ActiveCfg = Release|Any CPU
		{8C0CB2E2-85E1-4915-85D4-C2A904B002BE}.Release|x64.Build.0 = Release|Any CPU
		{8C0CB2E2-85E1-4915-85D4-C2A904B002BE}.Release|x86.ActiveCfg = Release|Any CPU
		{8C0CB2E2-85E1-4915-85D4-C2A904B002BE}.Release|x86.Build.0 = Release|Any CPU
		{C4C57ABD-2B7A-4D71-8AAF-F6B3E6004D7F}.Debug|Any CPU.ActiveCfg = Debug|Any CPU
		{C4C57ABD-2B7A-4D71-8AAF-F6B3E6004D7F}.Debug|Any CPU.Build.0 = Debug|Any CPU
		{C4C57ABD-2B7A-4D71-8AAF-F6B3E6004D7F}.Debug|ARM.ActiveCfg = Debug|Any CPU
		{C4C57ABD-2B7A-4D71-8AAF-F6B3E6004D7F}.Debug|ARM.Build.0 = Debug|Any CPU
		{C4C57ABD-2B7A-4D71-8AAF-F6B3E6004D7F}.Debug|ARM64.ActiveCfg = Debug|Any CPU
		{C4C57ABD-2B7A-4D71-8AAF-F6B3E6004D7F}.Debug|ARM64.Build.0 = Debug|Any CPU
		{C4C57ABD-2B7A-4D71-8AAF-F6B3E6004D7F}.Debug|x64.ActiveCfg = Debug|Any CPU
		{C4C57ABD-2B7A-4D71-8AAF-F6B3E6004D7F}.Debug|x64.Build.0 = Debug|Any CPU
		{C4C57ABD-2B7A-4D71-8AAF-F6B3E6004D7F}.Debug|x86.ActiveCfg = Debug|Any CPU
		{C4C57ABD-2B7A-4D71-8AAF-F6B3E6004D7F}.Debug|x86.Build.0 = Debug|Any CPU
		{C4C57ABD-2B7A-4D71-8AAF-F6B3E6004D7F}.Release|Any CPU.ActiveCfg = Release|Any CPU
		{C4C57ABD-2B7A-4D71-8AAF-F6B3E6004D7F}.Release|Any CPU.Build.0 = Release|Any CPU
		{C4C57ABD-2B7A-4D71-8AAF-F6B3E6004D7F}.Release|ARM.ActiveCfg = Release|Any CPU
		{C4C57ABD-2B7A-4D71-8AAF-F6B3E6004D7F}.Release|ARM.Build.0 = Release|Any CPU
		{C4C57ABD-2B7A-4D71-8AAF-F6B3E6004D7F}.Release|ARM64.ActiveCfg = Release|Any CPU
		{C4C57ABD-2B7A-4D71-8AAF-F6B3E6004D7F}.Release|ARM64.Build.0 = Release|Any CPU
		{C4C57ABD-2B7A-4D71-8AAF-F6B3E6004D7F}.Release|x64.ActiveCfg = Release|Any CPU
		{C4C57ABD-2B7A-4D71-8AAF-F6B3E6004D7F}.Release|x64.Build.0 = Release|Any CPU
		{C4C57ABD-2B7A-4D71-8AAF-F6B3E6004D7F}.Release|x86.ActiveCfg = Release|Any CPU
		{C4C57ABD-2B7A-4D71-8AAF-F6B3E6004D7F}.Release|x86.Build.0 = Release|Any CPU
	EndGlobalSection
	GlobalSection(SolutionProperties) = preSolution
		HideSolutionNode = FALSE
	EndGlobalSection
	GlobalSection(NestedProjects) = preSolution
		{96FB8603-39D7-485C-82D2-9764CD114D3D} = {2FAF5451-9EBB-4E60-96B9-7D0DD0F8B6AA}
		{C4BF84BC-4C8C-43C5-A728-717F1C2AFC96} = {1F01A60D-7007-48AD-B007-A73D707B9DBA}
		{62A35DD7-26B5-4209-AB8E-972A7DD528B9} = {1F01A60D-7007-48AD-B007-A73D707B9DBA}
		{5A55A185-4315-42CA-938B-0CE710F502D1} = {3D860558-20A3-41DA-817F-99B74F968912}
		{905D269F-9D8B-4196-801A-E24C251F7B6F} = {3D860558-20A3-41DA-817F-99B74F968912}
		{DC1BBA2E-96C1-4E9B-9032-FB329CD6300E} = {2A8AB401-3CEC-4628-8E67-8EFC19E8F6EF}
		{57833B70-E80C-4760-93C2-4954816ADC74} = {DC1BBA2E-96C1-4E9B-9032-FB329CD6300E}
		{34064132-A5CE-4535-9A34-92092892356D} = {905D269F-9D8B-4196-801A-E24C251F7B6F}
		{25F4872F-8C02-4ED1-80F2-2CD694ED561E} = {905D269F-9D8B-4196-801A-E24C251F7B6F}
		{8C0CB2E2-85E1-4915-85D4-C2A904B002BE} = {3C4E81D9-A075-4B7D-8CBB-14A982600714}
		{3C4E81D9-A075-4B7D-8CBB-14A982600714} = {2A8AB401-3CEC-4628-8E67-8EFC19E8F6EF}
		{C4C57ABD-2B7A-4D71-8AAF-F6B3E6004D7F} = {2A8AB401-3CEC-4628-8E67-8EFC19E8F6EF}
	EndGlobalSection
	GlobalSection(ExtensibilityGlobals) = postSolution
		SolutionGuid = {95D444F0-9402-4129-8CE4-619E060CC96D}
	EndGlobalSection
EndGlobal
